<?xml version="1.0" encoding="utf-8"?>
<Project ToolsVersion="15.0" xmlns="http://schemas.microsoft.com/developer/msbuild/2003">
  <ItemGroup>
    <ClCompile Include="R:\Documents\_INSA\3\GL\MedAnalysis\Client\main.cpp">
      <Filter>Source Files</Filter>
    </ClCompile>
    <ClCompile Include="R:\Documents\_INSA\3\GL\MedAnalysis\Client\models\Disease.cpp">
      <Filter>Source Files</Filter>
    </ClCompile>
    <ClCompile Include="R:\Documents\_INSA\3\GL\MedAnalysis\Client\models\Genome.cpp">
      <Filter>Source Files</Filter>
    </ClCompile>
    <ClCompile Include="R:\Documents\_INSA\3\GL\MedAnalysis\Client\models\Server.cpp">
      <Filter>Source Files</Filter>
    </ClCompile>
    <ClCompile Include="R:\Documents\_INSA\3\GL\MedAnalysis\Client\services\AnalysisService.cpp">
      <Filter>Source Files</Filter>
    </ClCompile>
    <ClCompile Include="R:\Documents\_INSA\3\GL\MedAnalysis\Client\services\ServerService.cpp">
      <Filter>Source Files</Filter>
    </ClCompile>
    <ClCompile Include="R:\Documents\_INSA\3\GL\MedAnalysis\Client\storage\ServerDAO.cpp">
      <Filter>Source Files</Filter>
    </ClCompile>
  </ItemGroup>
  <ItemGroup>
    <Filter Include="Source Files">
      <UniqueIdentifier>{47B03472-3DC3-3D15-BB90-A93FA81003CD}</UniqueIdentifier>
    </Filter>
    <Filter Include="Header Files">
      <UniqueIdentifier>{60c9d970-e77b-4615-9854-91b61f7048a8}</UniqueIdentifier>
    </Filter>
  </ItemGroup>
  <ItemGroup>
    <ClInclude Include="storage\ServerDAO.h">
      <Filter>Header Files</Filter>
    </ClInclude>
    <ClInclude Include="services\AnalysisService.h">
      <Filter>Header Files</Filter>
    </ClInclude>
    <ClInclude Include="services\ServerService.h">
      <Filter>Header Files</Filter>
    </ClInclude>
    <ClInclude Include="models\Disease.h">
      <Filter>Header Files</Filter>
    </ClInclude>
    <ClInclude Include="models\Genome.h">
      <Filter>Header Files</Filter>
    </ClInclude>
    <ClInclude Include="models\Server.h">
      <Filter>Header Files</Filter>
    </ClInclude>
    <ClInclude Include="exceptions\CommunicationException.h">
      <Filter>Header Files</Filter>
    </ClInclude>
    <ClInclude Include="exceptions\ReadException.h">
      <Filter>Header Files</Filter>
    </ClInclude>
    <ClInclude Include="exceptions\ServiceException.h">
      <Filter>Header Files</Filter>
    </ClInclude>
  </ItemGroup>
</Project>