Microsoft Visual Studio Solution File, Format Version 12.00
# Visual Studio 15
VisualStudioVersion = 15.0.26430.6
MinimumVisualStudioVersion = 10.0.40219.1
Project("{8BC9CEB8-8B4A-11D0-8D11-00A0C91BC942}") = "ServerTests", "tests\Server\ServerTests.vcxproj", "{45F16F91-5044-40F8-AAF1-9744E750AC51}"
	ProjectSection(ProjectDependencies) = postProject
		{8D6B4295-25F7-49C7-A83A-867A4C9DE4D2} = {8D6B4295-25F7-49C7-A83A-867A4C9DE4D2}
	EndProjectSection
EndProject
Project("{8BC9CEB8-8B4A-11D0-8D11-00A0C91BC942}") = "Server", "Server\Server.vcxproj", "{8D6B4295-25F7-49C7-A83A-867A4C9DE4D2}"
EndProject
Project("{8BC9CEB8-8B4A-11D0-8D11-00A0C91BC942}") = "ServerMFC", "ServerMFC\ServerMFC.vcxproj", "{478CEBDA-1D28-481E-B577-E62CF67B962C}"
EndProject
Project("{8BC9CEB8-8B4A-11D0-8D11-00A0C91BC942}") = "ClientMFC", "ClientMFC\ClientMFC.vcxproj", "{1F01EAA9-2B21-433B-8E55-302983A383F0}"
EndProject
Project("{8BC9CEB8-8B4A-11D0-8D11-00A0C91BC942}") = "Client", "Client\Client.vcxproj", "{921C057C-7DCE-4D4C-B67C-D12A0D83CD48}"
EndProject
Project("{8BC9CEB8-8B4A-11D0-8D11-00A0C91BC942}") = "ClientTests", "tests\Client\ClientTests.vcxproj", "{E91FE4D8-AD3E-4E7D-BF05-8263D312AC40}"
EndProject
Global
	GlobalSection(SolutionConfigurationPlatforms) = preSolution
		Debug|x64 = Debug|x64
		Debug|x86 = Debug|x86
		MinSizeRel|x64 = MinSizeRel|x64
		MinSizeRel|x86 = MinSizeRel|x86
		Release|x64 = Release|x64
		Release|x86 = Release|x86
		RelWithDebInfo|x64 = RelWithDebInfo|x64
		RelWithDebInfo|x86 = RelWithDebInfo|x86
	EndGlobalSection
	GlobalSection(ProjectConfigurationPlatforms) = postSolution
		{45F16F91-5044-40F8-AAF1-9744E750AC51}.Debug|x64.ActiveCfg = Debug|x64
		{45F16F91-5044-40F8-AAF1-9744E750AC51}.Debug|x64.Build.0 = Debug|x64
		{45F16F91-5044-40F8-AAF1-9744E750AC51}.Debug|x86.ActiveCfg = Debug|Win32
		{45F16F91-5044-40F8-AAF1-9744E750AC51}.Debug|x86.Build.0 = Debug|Win32
		{45F16F91-5044-40F8-AAF1-9744E750AC51}.MinSizeRel|x64.ActiveCfg = Release|x64
		{45F16F91-5044-40F8-AAF1-9744E750AC51}.MinSizeRel|x64.Build.0 = Release|x64
		{45F16F91-5044-40F8-AAF1-9744E750AC51}.MinSizeRel|x86.ActiveCfg = Release|Win32
		{45F16F91-5044-40F8-AAF1-9744E750AC51}.MinSizeRel|x86.Build.0 = Release|Win32
		{45F16F91-5044-40F8-AAF1-9744E750AC51}.Release|x64.ActiveCfg = Release|x64
		{45F16F91-5044-40F8-AAF1-9744E750AC51}.Release|x64.Build.0 = Release|x64
		{45F16F91-5044-40F8-AAF1-9744E750AC51}.Release|x86.ActiveCfg = Release|Win32
		{45F16F91-5044-40F8-AAF1-9744E750AC51}.Release|x86.Build.0 = Release|Win32
		{45F16F91-5044-40F8-AAF1-9744E750AC51}.RelWithDebInfo|x64.ActiveCfg = Release|x64
		{45F16F91-5044-40F8-AAF1-9744E750AC51}.RelWithDebInfo|x64.Build.0 = Release|x64
		{45F16F91-5044-40F8-AAF1-9744E750AC51}.RelWithDebInfo|x86.ActiveCfg = Release|Win32
		{45F16F91-5044-40F8-AAF1-9744E750AC51}.RelWithDebInfo|x86.Build.0 = Release|Win32
		{8D6B4295-25F7-49C7-A83A-867A4C9DE4D2}.Debug|x64.ActiveCfg = Debug|x64
		{8D6B4295-25F7-49C7-A83A-867A4C9DE4D2}.Debug|x64.Build.0 = Debug|x64
		{8D6B4295-25F7-49C7-A83A-867A4C9DE4D2}.Debug|x86.ActiveCfg = Debug|Win32
		{8D6B4295-25F7-49C7-A83A-867A4C9DE4D2}.Debug|x86.Build.0 = Debug|Win32
		{8D6B4295-25F7-49C7-A83A-867A4C9DE4D2}.MinSizeRel|x64.ActiveCfg = Release|x64
		{8D6B4295-25F7-49C7-A83A-867A4C9DE4D2}.MinSizeRel|x64.Build.0 = Release|x64
		{8D6B4295-25F7-49C7-A83A-867A4C9DE4D2}.MinSizeRel|x86.ActiveCfg = Release|Win32
		{8D6B4295-25F7-49C7-A83A-867A4C9DE4D2}.MinSizeRel|x86.Build.0 = Release|Win32
		{8D6B4295-25F7-49C7-A83A-867A4C9DE4D2}.Release|x64.ActiveCfg = Release|x64
		{8D6B4295-25F7-49C7-A83A-867A4C9DE4D2}.Release|x64.Build.0 = Release|x64
		{8D6B4295-25F7-49C7-A83A-867A4C9DE4D2}.Release|x86.ActiveCfg = Release|Win32
		{8D6B4295-25F7-49C7-A83A-867A4C9DE4D2}.Release|x86.Build.0 = Release|Win32
		{8D6B4295-25F7-49C7-A83A-867A4C9DE4D2}.RelWithDebInfo|x64.ActiveCfg = Release|x64
		{8D6B4295-25F7-49C7-A83A-867A4C9DE4D2}.RelWithDebInfo|x64.Build.0 = Release|x64
		{8D6B4295-25F7-49C7-A83A-867A4C9DE4D2}.RelWithDebInfo|x86.ActiveCfg = Release|Win32
		{8D6B4295-25F7-49C7-A83A-867A4C9DE4D2}.RelWithDebInfo|x86.Build.0 = Release|Win32
		{478CEBDA-1D28-481E-B577-E62CF67B962C}.Debug|x64.ActiveCfg = Debug|x64
		{478CEBDA-1D28-481E-B577-E62CF67B962C}.Debug|x64.Build.0 = Debug|x64
		{478CEBDA-1D28-481E-B577-E62CF67B962C}.Debug|x86.ActiveCfg = Debug|Win32
		{478CEBDA-1D28-481E-B577-E62CF67B962C}.Debug|x86.Build.0 = Debug|Win32
		{478CEBDA-1D28-481E-B577-E62CF67B962C}.MinSizeRel|x64.ActiveCfg = Release|x64
		{478CEBDA-1D28-481E-B577-E62CF67B962C}.MinSizeRel|x64.Build.0 = Release|x64
		{478CEBDA-1D28-481E-B577-E62CF67B962C}.MinSizeRel|x86.ActiveCfg = Release|Win32
		{478CEBDA-1D28-481E-B577-E62CF67B962C}.MinSizeRel|x86.Build.0 = Release|Win32
		{478CEBDA-1D28-481E-B577-E62CF67B962C}.Release|x64.ActiveCfg = Release|x64
		{478CEBDA-1D28-481E-B577-E62CF67B962C}.Release|x64.Build.0 = Release|x64
		{478CEBDA-1D28-481E-B577-E62CF67B962C}.Release|x86.ActiveCfg = Release|Win32
		{478CEBDA-1D28-481E-B577-E62CF67B962C}.Release|x86.Build.0 = Release|Win32
		{478CEBDA-1D28-481E-B577-E62CF67B962C}.RelWithDebInfo|x64.ActiveCfg = Release|x64
		{478CEBDA-1D28-481E-B577-E62CF67B962C}.RelWithDebInfo|x64.Build.0 = Release|x64
		{478CEBDA-1D28-481E-B577-E62CF67B962C}.RelWithDebInfo|x86.ActiveCfg = Release|Win32
		{478CEBDA-1D28-481E-B577-E62CF67B962C}.RelWithDebInfo|x86.Build.0 = Release|Win32
		{1F01EAA9-2B21-433B-8E55-302983A383F0}.Debug|x64.ActiveCfg = Debug|x64
		{1F01EAA9-2B21-433B-8E55-302983A383F0}.Debug|x64.Build.0 = Debug|x64
		{1F01EAA9-2B21-433B-8E55-302983A383F0}.Debug|x86.ActiveCfg = Debug|Win32
		{1F01EAA9-2B21-433B-8E55-302983A383F0}.Debug|x86.Build.0 = Debug|Win32
		{1F01EAA9-2B21-433B-8E55-302983A383F0}.MinSizeRel|x64.ActiveCfg = Release|x64
		{1F01EAA9-2B21-433B-8E55-302983A383F0}.MinSizeRel|x64.Build.0 = Release|x64
		{1F01EAA9-2B21-433B-8E55-302983A383F0}.MinSizeRel|x86.ActiveCfg = Release|Win32
		{1F01EAA9-2B21-433B-8E55-302983A383F0}.MinSizeRel|x86.Build.0 = Release|Win32
		{1F01EAA9-2B21-433B-8E55-302983A383F0}.Release|x64.ActiveCfg = Release|x64
		{1F01EAA9-2B21-433B-8E55-302983A383F0}.Release|x64.Build.0 = Release|x64
		{1F01EAA9-2B21-433B-8E55-302983A383F0}.Release|x86.ActiveCfg = Release|Win32
		{1F01EAA9-2B21-433B-8E55-302983A383F0}.Release|x86.Build.0 = Release|Win32
		{1F01EAA9-2B21-433B-8E55-302983A383F0}.RelWithDebInfo|x64.ActiveCfg = Release|x64
		{1F01EAA9-2B21-433B-8E55-302983A383F0}.RelWithDebInfo|x64.Build.0 = Release|x64
		{1F01EAA9-2B21-433B-8E55-302983A383F0}.RelWithDebInfo|x86.ActiveCfg = Release|Win32
		{1F01EAA9-2B21-433B-8E55-302983A383F0}.RelWithDebInfo|x86.Build.0 = Release|Win32
		{921C057C-7DCE-4D4C-B67C-D12A0D83CD48}.Debug|x64.ActiveCfg = Debug|x64
		{921C057C-7DCE-4D4C-B67C-D12A0D83CD48}.Debug|x64.Build.0 = Debug|x64
		{921C057C-7DCE-4D4C-B67C-D12A0D83CD48}.Debug|x86.ActiveCfg = Debug|Win32
		{921C057C-7DCE-4D4C-B67C-D12A0D83CD48}.Debug|x86.Build.0 = Debug|Win32
		{921C057C-7DCE-4D4C-B67C-D12A0D83CD48}.MinSizeRel|x64.ActiveCfg = Release|x64
		{921C057C-7DCE-4D4C-B67C-D12A0D83CD48}.MinSizeRel|x64.Build.0 = Release|x64
		{921C057C-7DCE-4D4C-B67C-D12A0D83CD48}.MinSizeRel|x86.ActiveCfg = Release|Win32
		{921C057C-7DCE-4D4C-B67C-D12A0D83CD48}.MinSizeRel|x86.Build.0 = Release|Win32
		{921C057C-7DCE-4D4C-B67C-D12A0D83CD48}.Release|x64.ActiveCfg = Release|x64
		{921C057C-7DCE-4D4C-B67C-D12A0D83CD48}.Release|x64.Build.0 = Release|x64
		{921C057C-7DCE-4D4C-B67C-D12A0D83CD48}.Release|x86.ActiveCfg = Release|Win32
		{921C057C-7DCE-4D4C-B67C-D12A0D83CD48}.Release|x86.Build.0 = Release|Win32
		{921C057C-7DCE-4D4C-B67C-D12A0D83CD48}.RelWithDebInfo|x64.ActiveCfg = Release|x64
		{921C057C-7DCE-4D4C-B67C-D12A0D83CD48}.RelWithDebInfo|x64.Build.0 = Release|x64
		{921C057C-7DCE-4D4C-B67C-D12A0D83CD48}.RelWithDebInfo|x86.ActiveCfg = Release|Win32
		{921C057C-7DCE-4D4C-B67C-D12A0D83CD48}.RelWithDebInfo|x86.Build.0 = Release|Win32
		{E91FE4D8-AD3E-4E7D-BF05-8263D312AC40}.Debug|x64.ActiveCfg = Debug|x64
		{E91FE4D8-AD3E-4E7D-BF05-8263D312AC40}.Debug|x64.Build.0 = Debug|x64
		{E91FE4D8-AD3E-4E7D-BF05-8263D312AC40}.Debug|x86.ActiveCfg = Debug|Win32
		{E91FE4D8-AD3E-4E7D-BF05-8263D312AC40}.Debug|x86.Build.0 = Debug|Win32
		{E91FE4D8-AD3E-4E7D-BF05-8263D312AC40}.MinSizeRel|x64.ActiveCfg = Release|x64
		{E91FE4D8-AD3E-4E7D-BF05-8263D312AC40}.MinSizeRel|x64.Build.0 = Release|x64
		{E91FE4D8-AD3E-4E7D-BF05-8263D312AC40}.MinSizeRel|x86.ActiveCfg = Release|Win32
		{E91FE4D8-AD3E-4E7D-BF05-8263D312AC40}.MinSizeRel|x86.Build.0 = Release|Win32
		{E91FE4D8-AD3E-4E7D-BF05-8263D312AC40}.Release|x64.ActiveCfg = Release|x64
		{E91FE4D8-AD3E-4E7D-BF05-8263D312AC40}.Release|x64.Build.0 = Release|x64
		{E91FE4D8-AD3E-4E7D-BF05-8263D312AC40}.Release|x86.ActiveCfg = Release|Win32
		{E91FE4D8-AD3E-4E7D-BF05-8263D312AC40}.Release|x86.Build.0 = Release|Win32
		{E91FE4D8-AD3E-4E7D-BF05-8263D312AC40}.RelWithDebInfo|x64.ActiveCfg = Release|x64
		{E91FE4D8-AD3E-4E7D-BF05-8263D312AC40}.RelWithDebInfo|x64.Build.0 = Release|x64
		{E91FE4D8-AD3E-4E7D-BF05-8263D312AC40}.RelWithDebInfo|x86.ActiveCfg = Release|Win32
		{E91FE4D8-AD3E-4E7D-BF05-8263D312AC40}.RelWithDebInfo|x86.Build.0 = Release|Win32
	EndGlobalSection
	GlobalSection(SolutionProperties) = preSolution
		HideSolutionNode = FALSE
	EndGlobalSection
EndGlobal
